
Microsoft Visual Studio Solution File, Format Version 12.00
Project("{FAE04EC0-301F-11D3-BF4B-00C04F79EFBC}") = "ParticipationMarker.Domain", "ParticipationMarker.Domain\ParticipationMarker.Domain.csproj", "{4226F232-030E-4C3D-B4CD-02DE3721BC2C}"
EndProject
Project("{FAE04EC0-301F-11D3-BF4B-00C04F79EFBC}") = "ParticipationMarker.FunctionApp", "ParticipationMarker.FunctionApp\ParticipationMarker.FunctionApp.csproj", "{A33A8207-5BAD-421D-9788-B630DDBC5350}"
EndProject
Project("{FAE04EC0-301F-11D3-BF4B-00C04F79EFBC}") = "ParticipationMarker.TelegramBot", "ParticipationMarker.TelegramBot\ParticipationMarker.TelegramBot.csproj", "{64E9C31B-2C0E-4F4E-933F-E507A57BC12A}"
EndProject
Project("{FAE04EC0-301F-11D3-BF4B-00C04F79EFBC}") = "Telegram.API", "Telegram.API\Telegram.API.csproj", "{66DA935A-4613-437F-A952-17FC8E55E107}"
EndProject
Global
	GlobalSection(SolutionConfigurationPlatforms) = preSolution
		Debug|Any CPU = Debug|Any CPU
		Release|Any CPU = Release|Any CPU
	EndGlobalSection
	GlobalSection(ProjectConfigurationPlatforms) = postSolution
		{4226F232-030E-4C3D-B4CD-02DE3721BC2C}.Debug|Any CPU.ActiveCfg = Debug|Any CPU
		{4226F232-030E-4C3D-B4CD-02DE3721BC2C}.Debug|Any CPU.Build.0 = Debug|Any CPU
		{4226F232-030E-4C3D-B4CD-02DE3721BC2C}.Release|Any CPU.ActiveCfg = Release|Any CPU
		{4226F232-030E-4C3D-B4CD-02DE3721BC2C}.Release|Any CPU.Build.0 = Release|Any CPU
		{A33A8207-5BAD-421D-9788-B630DDBC5350}.Debug|Any CPU.ActiveCfg = Debug|Any CPU
		{A33A8207-5BAD-421D-9788-B630DDBC5350}.Debug|Any CPU.Build.0 = Debug|Any CPU
		{A33A8207-5BAD-421D-9788-B630DDBC5350}.Release|Any CPU.ActiveCfg = Release|Any CPU
		{A33A8207-5BAD-421D-9788-B630DDBC5350}.Release|Any CPU.Build.0 = Release|Any CPU
		{64E9C31B-2C0E-4F4E-933F-E507A57BC12A}.Debug|Any CPU.ActiveCfg = Debug|Any CPU
		{64E9C31B-2C0E-4F4E-933F-E507A57BC12A}.Debug|Any CPU.Build.0 = Debug|Any CPU
		{64E9C31B-2C0E-4F4E-933F-E507A57BC12A}.Release|Any CPU.ActiveCfg = Release|Any CPU
		{64E9C31B-2C0E-4F4E-933F-E507A57BC12A}.Release|Any CPU.Build.0 = Release|Any CPU
		{66DA935A-4613-437F-A952-17FC8E55E107}.Debug|Any CPU.ActiveCfg = Debug|Any CPU
		{66DA935A-4613-437F-A952-17FC8E55E107}.Debug|Any CPU.Build.0 = Debug|Any CPU
		{66DA935A-4613-437F-A952-17FC8E55E107}.Release|Any CPU.ActiveCfg = Release|Any CPU
		{66DA935A-4613-437F-A952-17FC8E55E107}.Release|Any CPU.Build.0 = Release|Any CPU
	EndGlobalSection
EndGlobal
