
Microsoft Visual Studio Solution File, Format Version 12.00
Project("{FAE04EC0-301F-11D3-BF4B-00C04F79EFBC}") = "ParticipationMarker.FunctionApp", "ParticipationMarker.FunctionApp\ParticipationMarker.FunctionApp.csproj", "{A33A8207-5BAD-421D-9788-B630DDBC5350}"
EndProject
Project("{FAE04EC0-301F-11D3-BF4B-00C04F79EFBC}") = "Telegram.API", "Telegram.API\Telegram.API.csproj", "{66DA935A-4613-437F-A952-17FC8E55E107}"
EndProject
Project("{FAE04EC0-301F-11D3-BF4B-00C04F79EFBC}") = "ParticipationMarker.Infrastructure", "ParticipationMarker.Infrastructure\ParticipationMarker.Infrastructure.csproj", "{74BEDF7D-42F0-4660-A633-E3D0A53C4B2E}"
EndProject
Project("{FAE04EC0-301F-11D3-BF4B-00C04F79EFBC}") = "ParticipationMarker.Common", "ParticipationMarker.Common\ParticipationMarker.Common.csproj", "{D45CB005-3673-417B-962B-6055252BEF89}"
EndProject
Project("{FAE04EC0-301F-11D3-BF4B-00C04F79EFBC}") = "ParticipationMarker.App", "ParticipationMarker.App\ParticipationMarker.App.csproj", "{EF0789C4-567F-4E4D-8B57-326A9519AB4D}"
EndProject
Global
	GlobalSection(SolutionConfigurationPlatforms) = preSolution
		Debug|Any CPU = Debug|Any CPU
		Release|Any CPU = Release|Any CPU
	EndGlobalSection
	GlobalSection(ProjectConfigurationPlatforms) = postSolution
		{A33A8207-5BAD-421D-9788-B630DDBC5350}.Debug|Any CPU.ActiveCfg = Debug|Any CPU
		{A33A8207-5BAD-421D-9788-B630DDBC5350}.Debug|Any CPU.Build.0 = Debug|Any CPU
		{A33A8207-5BAD-421D-9788-B630DDBC5350}.Release|Any CPU.ActiveCfg = Release|Any CPU
		{A33A8207-5BAD-421D-9788-B630DDBC5350}.Release|Any CPU.Build.0 = Release|Any CPU
		{66DA935A-4613-437F-A952-17FC8E55E107}.Debug|Any CPU.ActiveCfg = Debug|Any CPU
		{66DA935A-4613-437F-A952-17FC8E55E107}.Debug|Any CPU.Build.0 = Debug|Any CPU
		{66DA935A-4613-437F-A952-17FC8E55E107}.Release|Any CPU.ActiveCfg = Release|Any CPU
		{66DA935A-4613-437F-A952-17FC8E55E107}.Release|Any CPU.Build.0 = Release|Any CPU
		{74BEDF7D-42F0-4660-A633-E3D0A53C4B2E}.Debug|Any CPU.ActiveCfg = Debug|Any CPU
		{74BEDF7D-42F0-4660-A633-E3D0A53C4B2E}.Debug|Any CPU.Build.0 = Debug|Any CPU
		{74BEDF7D-42F0-4660-A633-E3D0A53C4B2E}.Release|Any CPU.ActiveCfg = Release|Any CPU
		{74BEDF7D-42F0-4660-A633-E3D0A53C4B2E}.Release|Any CPU.Build.0 = Release|Any CPU
		{D45CB005-3673-417B-962B-6055252BEF89}.Debug|Any CPU.ActiveCfg = Debug|Any CPU
		{D45CB005-3673-417B-962B-6055252BEF89}.Debug|Any CPU.Build.0 = Debug|Any CPU
		{D45CB005-3673-417B-962B-6055252BEF89}.Release|Any CPU.ActiveCfg = Release|Any CPU
		{D45CB005-3673-417B-962B-6055252BEF89}.Release|Any CPU.Build.0 = Release|Any CPU
		{EF0789C4-567F-4E4D-8B57-326A9519AB4D}.Debug|Any CPU.ActiveCfg = Debug|Any CPU
		{EF0789C4-567F-4E4D-8B57-326A9519AB4D}.Debug|Any CPU.Build.0 = Debug|Any CPU
		{EF0789C4-567F-4E4D-8B57-326A9519AB4D}.Release|Any CPU.ActiveCfg = Release|Any CPU
		{EF0789C4-567F-4E4D-8B57-326A9519AB4D}.Release|Any CPU.Build.0 = Release|Any CPU
	EndGlobalSection
EndGlobal
